
Microsoft Visual Studio Solution File, Format Version 12.00
# Visual Studio Version 17
VisualStudioVersion = 17.7.34018.315
MinimumVisualStudioVersion = 10.0.40219.1
Project("{FAE04EC0-301F-11D3-BF4B-00C04F79EFBC}") = "1-Halstead-Metrics", "1-Halstead-Metrics.csproj", "{0E8FBBBA-CB46-49EE-BDA5-D462CE1738CC}"
EndProject
Global
	GlobalSection(SolutionConfigurationPlatforms) = preSolution
		Debug|Any CPU = Debug|Any CPU
		Release|Any CPU = Release|Any CPU
	EndGlobalSection
	GlobalSection(ProjectConfigurationPlatforms) = postSolution
		{0E8FBBBA-CB46-49EE-BDA5-D462CE1738CC}.Debug|Any CPU.ActiveCfg = Debug|Any CPU
		{0E8FBBBA-CB46-49EE-BDA5-D462CE1738CC}.Debug|Any CPU.Build.0 = Debug|Any CPU
		{0E8FBBBA-CB46-49EE-BDA5-D462CE1738CC}.Release|Any CPU.ActiveCfg = Release|Any CPU
		{0E8FBBBA-CB46-49EE-BDA5-D462CE1738CC}.Release|Any CPU.Build.0 = Release|Any CPU
	EndGlobalSection
	GlobalSection(SolutionProperties) = preSolution
		HideSolutionNode = FALSE
	EndGlobalSection
	GlobalSection(ExtensibilityGlobals) = postSolution
		SolutionGuid = {B76A2B72-5BDD-4A98-AE7A-07911F73A1FC}
	EndGlobalSection
EndGlobal
